
Microsoft Visual Studio Solution File, Format Version 12.00
# Visual Studio Version 16
VisualStudioVersion = 16.0.30717.126
MinimumVisualStudioVersion = 10.0.40219.1
Project("{FAE04EC0-301F-11D3-BF4B-00C04F79EFBC}") = "Cw2_lekser", "Cw2_lekser\Cw2_lekser.csproj", "{7CB35E25-737D-4BA7-B620-CBBC9556BAE1}"
EndProject
Global
	GlobalSection(SolutionConfigurationPlatforms) = preSolution
		Debug|Any CPU = Debug|Any CPU
		Release|Any CPU = Release|Any CPU
	EndGlobalSection
	GlobalSection(ProjectConfigurationPlatforms) = postSolution
		{7CB35E25-737D-4BA7-B620-CBBC9556BAE1}.Debug|Any CPU.ActiveCfg = Debug|Any CPU
		{7CB35E25-737D-4BA7-B620-CBBC9556BAE1}.Debug|Any CPU.Build.0 = Debug|Any CPU
		{7CB35E25-737D-4BA7-B620-CBBC9556BAE1}.Release|Any CPU.ActiveCfg = Release|Any CPU
		{7CB35E25-737D-4BA7-B620-CBBC9556BAE1}.Release|Any CPU.Build.0 = Release|Any CPU
	EndGlobalSection
	GlobalSection(SolutionProperties) = preSolution
		HideSolutionNode = FALSE
	EndGlobalSection
	GlobalSection(ExtensibilityGlobals) = postSolution
		SolutionGuid = {92942FD5-F9D1-47A5-8952-FEE6575D455A}
	EndGlobalSection
EndGlobal
